// !$*UTF8*$!
{
	archiveVersion = 1;
	classes = {
	};
	objectVersion = 46;
	objects = {

/* Begin PBXBuildFile section */
		3D0C4CA48784457A93761A1D /* libPods-twitter.a in Frameworks */ = {isa = PBXBuildFile; fileRef = 8C4001D984E24E1FA9A5E423 /* libPods-twitter.a */; };
		BF0AFBDF196376D600173EAA /* PanelProfileInfoTableViewCell.m in Sources */ = {isa = PBXBuildFile; fileRef = BF0AFBDD196376D600173EAA /* PanelProfileInfoTableViewCell.m */; };
		BF0AFBE0196376D600173EAA /* PanelProfileInfoTableViewCell.xib in Resources */ = {isa = PBXBuildFile; fileRef = BF0AFBDE196376D600173EAA /* PanelProfileInfoTableViewCell.xib */; };
		BF0AFBE419638B0D00173EAA /* ProfileTableViewController.m in Sources */ = {isa = PBXBuildFile; fileRef = BF0AFBE219638B0D00173EAA /* ProfileTableViewController.m */; };
		BF0AFBE519638B0D00173EAA /* ProfileTableViewController.xib in Resources */ = {isa = PBXBuildFile; fileRef = BF0AFBE319638B0D00173EAA /* ProfileTableViewController.xib */; };
		BF0AFBE919638DA800173EAA /* ProfileHeaderTableViewCell.m in Sources */ = {isa = PBXBuildFile; fileRef = BF0AFBE719638DA800173EAA /* ProfileHeaderTableViewCell.m */; };
		BF0AFBEA19638DA800173EAA /* ProfileHeaderTableViewCell.xib in Resources */ = {isa = PBXBuildFile; fileRef = BF0AFBE819638DA800173EAA /* ProfileHeaderTableViewCell.xib */; };
		BF5B3F81195F3A0400793820 /* UIViewController+ContentViewControllerDelegate.m in Sources */ = {isa = PBXBuildFile; fileRef = BF5B3F80195F3A0400793820 /* UIViewController+ContentViewControllerDelegate.m */; };
		BF5B3F8F195F4F8900793820 /* PanelTableViewController.m in Sources */ = {isa = PBXBuildFile; fileRef = BF5B3F8D195F4F8900793820 /* PanelTableViewController.m */; };
		BF5B3F90195F4F8900793820 /* PanelTableViewController.xib in Resources */ = {isa = PBXBuildFile; fileRef = BF5B3F8E195F4F8900793820 /* PanelTableViewController.xib */; };
		BF5B3F99195F737100793820 /* PanelLinkTableViewCell.m in Sources */ = {isa = PBXBuildFile; fileRef = BF5B3F97195F737100793820 /* PanelLinkTableViewCell.m */; };
		BF5B3F9A195F737100793820 /* PanelLinkTableViewCell.xib in Resources */ = {isa = PBXBuildFile; fileRef = BF5B3F98195F737100793820 /* PanelLinkTableViewCell.xib */; };
		BF5B3F9D195F783000793820 /* PanelLink.m in Sources */ = {isa = PBXBuildFile; fileRef = BF5B3F9C195F783000793820 /* PanelLink.m */; };
		BFB71018195BB24B006B23FC /* TweetSortedSet.m in Sources */ = {isa = PBXBuildFile; fileRef = BFB71017195BB24B006B23FC /* TweetSortedSet.m */; };
		BFBB517A1958DE2700A625CE /* TwitterClient.m in Sources */ = {isa = PBXBuildFile; fileRef = BFBB51791958DE2700A625CE /* TwitterClient.m */; };
		BFBB517F1958E09800A625CE /* LoginViewController.m in Sources */ = {isa = PBXBuildFile; fileRef = BFBB517D1958E09800A625CE /* LoginViewController.m */; };
		BFBB51801958E09800A625CE /* LoginViewController.xib in Resources */ = {isa = PBXBuildFile; fileRef = BFBB517E1958E09800A625CE /* LoginViewController.xib */; };
		BFBB5183195910CF00A625CE /* NSURL+dictionaryFromQueryString.m in Sources */ = {isa = PBXBuildFile; fileRef = BFBB5182195910CF00A625CE /* NSURL+dictionaryFromQueryString.m */; };
		BFBB518619594F4D00A625CE /* TwitterManager.m in Sources */ = {isa = PBXBuildFile; fileRef = BFBB518519594F4D00A625CE /* TwitterManager.m */; };
		BFBB518A1959F7C000A625CE /* TweetsTableViewController.m in Sources */ = {isa = PBXBuildFile; fileRef = BFBB51881959F7C000A625CE /* TweetsTableViewController.m */; };
		BFBB518B1959F7C000A625CE /* TweetsTableViewController.xib in Resources */ = {isa = PBXBuildFile; fileRef = BFBB51891959F7C000A625CE /* TweetsTableViewController.xib */; };
		BFBB51901959FC9B00A625CE /* TweetTableViewCell.m in Sources */ = {isa = PBXBuildFile; fileRef = BFBB518E1959FC9B00A625CE /* TweetTableViewCell.m */; };
		BFBB51911959FC9B00A625CE /* TweetTableViewCell.xib in Resources */ = {isa = PBXBuildFile; fileRef = BFBB518F1959FC9B00A625CE /* TweetTableViewCell.xib */; };
		BFBB51951959FD0E00A625CE /* Tweet.m in Sources */ = {isa = PBXBuildFile; fileRef = BFBB51941959FD0E00A625CE /* Tweet.m */; };
		BFBB5199195A101300A625CE /* ComposeViewController.m in Sources */ = {isa = PBXBuildFile; fileRef = BFBB5197195A101300A625CE /* ComposeViewController.m */; };
		BFBB519A195A101300A625CE /* ComposeViewController.xib in Resources */ = {isa = PBXBuildFile; fileRef = BFBB5198195A101300A625CE /* ComposeViewController.xib */; };
		BFBB519E195A344800A625CE /* UIImageView+MHNetworking.m in Sources */ = {isa = PBXBuildFile; fileRef = BFBB519D195A344800A625CE /* UIImageView+MHNetworking.m */; };
		BFBB51A1195A428B00A625CE /* User.m in Sources */ = {isa = PBXBuildFile; fileRef = BFBB51A0195A428B00A625CE /* User.m */; };
		BFBB51A5195A5C8500A625CE /* TweetViewController.m in Sources */ = {isa = PBXBuildFile; fileRef = BFBB51A3195A5C8500A625CE /* TweetViewController.m */; };
		BFBB51A6195A5C8500A625CE /* TweetViewController.xib in Resources */ = {isa = PBXBuildFile; fileRef = BFBB51A4195A5C8500A625CE /* TweetViewController.xib */; };
		BFC8A6601952A62100E9EC1F /* Foundation.framework in Frameworks */ = {isa = PBXBuildFile; fileRef = BFC8A65F1952A62100E9EC1F /* Foundation.framework */; };
		BFC8A6621952A62100E9EC1F /* CoreGraphics.framework in Frameworks */ = {isa = PBXBuildFile; fileRef = BFC8A6611952A62100E9EC1F /* CoreGraphics.framework */; };
		BFC8A6641952A62100E9EC1F /* UIKit.framework in Frameworks */ = {isa = PBXBuildFile; fileRef = BFC8A6631952A62100E9EC1F /* UIKit.framework */; };
		BFC8A66A1952A62100E9EC1F /* InfoPlist.strings in Resources */ = {isa = PBXBuildFile; fileRef = BFC8A6681952A62100E9EC1F /* InfoPlist.strings */; };
		BFC8A66C1952A62100E9EC1F /* main.m in Sources */ = {isa = PBXBuildFile; fileRef = BFC8A66B1952A62100E9EC1F /* main.m */; };
		BFC8A6701952A62100E9EC1F /* AppDelegate.m in Sources */ = {isa = PBXBuildFile; fileRef = BFC8A66F1952A62100E9EC1F /* AppDelegate.m */; };
		BFC8A6721952A62100E9EC1F /* Images.xcassets in Resources */ = {isa = PBXBuildFile; fileRef = BFC8A6711952A62100E9EC1F /* Images.xcassets */; };
		BFC8A6791952A62100E9EC1F /* XCTest.framework in Frameworks */ = {isa = PBXBuildFile; fileRef = BFC8A6781952A62100E9EC1F /* XCTest.framework */; };
		BFC8A67A1952A62100E9EC1F /* Foundation.framework in Frameworks */ = {isa = PBXBuildFile; fileRef = BFC8A65F1952A62100E9EC1F /* Foundation.framework */; };
		BFC8A67B1952A62100E9EC1F /* UIKit.framework in Frameworks */ = {isa = PBXBuildFile; fileRef = BFC8A6631952A62100E9EC1F /* UIKit.framework */; };
		BFC8A6831952A62100E9EC1F /* InfoPlist.strings in Resources */ = {isa = PBXBuildFile; fileRef = BFC8A6811952A62100E9EC1F /* InfoPlist.strings */; };
		BFC8A6851952A62100E9EC1F /* twitterTests.m in Sources */ = {isa = PBXBuildFile; fileRef = BFC8A6841952A62100E9EC1F /* twitterTests.m */; };
		BFD8443C195D230900E1A50C /* MainViewController.m in Sources */ = {isa = PBXBuildFile; fileRef = BFD8443B195D230900E1A50C /* MainViewController.m */; };
/* End PBXBuildFile section */

/* Begin PBXContainerItemProxy section */
		BFC8A67C1952A62100E9EC1F /* PBXContainerItemProxy */ = {
			isa = PBXContainerItemProxy;
			containerPortal = BFC8A6541952A62100E9EC1F /* Project object */;
			proxyType = 1;
			remoteGlobalIDString = BFC8A65B1952A62100E9EC1F;
			remoteInfo = twitter;
		};
/* End PBXContainerItemProxy section */

/* Begin PBXFileReference section */
		8C4001D984E24E1FA9A5E423 /* libPods-twitter.a */ = {isa = PBXFileReference; explicitFileType = archive.ar; includeInIndex = 0; path = "libPods-twitter.a"; sourceTree = BUILT_PRODUCTS_DIR; };
		BF0AFBDC196376D600173EAA /* PanelProfileInfoTableViewCell.h */ = {isa = PBXFileReference; fileEncoding = 4; lastKnownFileType = sourcecode.c.h; path = PanelProfileInfoTableViewCell.h; sourceTree = "<group>"; };
		BF0AFBDD196376D600173EAA /* PanelProfileInfoTableViewCell.m */ = {isa = PBXFileReference; fileEncoding = 4; lastKnownFileType = sourcecode.c.objc; path = PanelProfileInfoTableViewCell.m; sourceTree = "<group>"; };
		BF0AFBDE196376D600173EAA /* PanelProfileInfoTableViewCell.xib */ = {isa = PBXFileReference; fileEncoding = 4; lastKnownFileType = file.xib; path = PanelProfileInfoTableViewCell.xib; sourceTree = "<group>"; };
		BF0AFBE119638B0D00173EAA /* ProfileTableViewController.h */ = {isa = PBXFileReference; fileEncoding = 4; lastKnownFileType = sourcecode.c.h; path = ProfileTableViewController.h; sourceTree = "<group>"; };
		BF0AFBE219638B0D00173EAA /* ProfileTableViewController.m */ = {isa = PBXFileReference; fileEncoding = 4; lastKnownFileType = sourcecode.c.objc; path = ProfileTableViewController.m; sourceTree = "<group>"; };
		BF0AFBE319638B0D00173EAA /* ProfileTableViewController.xib */ = {isa = PBXFileReference; fileEncoding = 4; lastKnownFileType = file.xib; path = ProfileTableViewController.xib; sourceTree = "<group>"; };
		BF0AFBE619638DA800173EAA /* ProfileHeaderTableViewCell.h */ = {isa = PBXFileReference; fileEncoding = 4; lastKnownFileType = sourcecode.c.h; path = ProfileHeaderTableViewCell.h; sourceTree = "<group>"; };
		BF0AFBE719638DA800173EAA /* ProfileHeaderTableViewCell.m */ = {isa = PBXFileReference; fileEncoding = 4; lastKnownFileType = sourcecode.c.objc; path = ProfileHeaderTableViewCell.m; sourceTree = "<group>"; };
		BF0AFBE819638DA800173EAA /* ProfileHeaderTableViewCell.xib */ = {isa = PBXFileReference; fileEncoding = 4; lastKnownFileType = file.xib; path = ProfileHeaderTableViewCell.xib; sourceTree = "<group>"; };
		BF5B3F7F195F3A0400793820 /* UIViewController+ContentViewControllerDelegate.h */ = {isa = PBXFileReference; fileEncoding = 4; lastKnownFileType = sourcecode.c.h; path = "UIViewController+ContentViewControllerDelegate.h"; sourceTree = "<group>"; };
		BF5B3F80195F3A0400793820 /* UIViewController+ContentViewControllerDelegate.m */ = {isa = PBXFileReference; fileEncoding = 4; lastKnownFileType = sourcecode.c.objc; path = "UIViewController+ContentViewControllerDelegate.m"; sourceTree = "<group>"; };
		BF5B3F8C195F4F8900793820 /* PanelTableViewController.h */ = {isa = PBXFileReference; fileEncoding = 4; lastKnownFileType = sourcecode.c.h; path = PanelTableViewController.h; sourceTree = "<group>"; };
		BF5B3F8D195F4F8900793820 /* PanelTableViewController.m */ = {isa = PBXFileReference; fileEncoding = 4; lastKnownFileType = sourcecode.c.objc; path = PanelTableViewController.m; sourceTree = "<group>"; };
		BF5B3F8E195F4F8900793820 /* PanelTableViewController.xib */ = {isa = PBXFileReference; fileEncoding = 4; lastKnownFileType = file.xib; path = PanelTableViewController.xib; sourceTree = "<group>"; };
		BF5B3F96195F737100793820 /* PanelLinkTableViewCell.h */ = {isa = PBXFileReference; fileEncoding = 4; lastKnownFileType = sourcecode.c.h; path = PanelLinkTableViewCell.h; sourceTree = "<group>"; };
		BF5B3F97195F737100793820 /* PanelLinkTableViewCell.m */ = {isa = PBXFileReference; fileEncoding = 4; lastKnownFileType = sourcecode.c.objc; path = PanelLinkTableViewCell.m; sourceTree = "<group>"; };
		BF5B3F98195F737100793820 /* PanelLinkTableViewCell.xib */ = {isa = PBXFileReference; fileEncoding = 4; lastKnownFileType = file.xib; path = PanelLinkTableViewCell.xib; sourceTree = "<group>"; };
		BF5B3F9B195F783000793820 /* PanelLink.h */ = {isa = PBXFileReference; fileEncoding = 4; lastKnownFileType = sourcecode.c.h; path = PanelLink.h; sourceTree = "<group>"; };
		BF5B3F9C195F783000793820 /* PanelLink.m */ = {isa = PBXFileReference; fileEncoding = 4; lastKnownFileType = sourcecode.c.objc; path = PanelLink.m; sourceTree = "<group>"; };
		BFB71016195BB24B006B23FC /* TweetSortedSet.h */ = {isa = PBXFileReference; fileEncoding = 4; lastKnownFileType = sourcecode.c.h; path = TweetSortedSet.h; sourceTree = "<group>"; };
		BFB71017195BB24B006B23FC /* TweetSortedSet.m */ = {isa = PBXFileReference; fileEncoding = 4; lastKnownFileType = sourcecode.c.objc; path = TweetSortedSet.m; sourceTree = "<group>"; };
		BFBB51781958DE2700A625CE /* TwitterClient.h */ = {isa = PBXFileReference; fileEncoding = 4; lastKnownFileType = sourcecode.c.h; path = TwitterClient.h; sourceTree = "<group>"; };
		BFBB51791958DE2700A625CE /* TwitterClient.m */ = {isa = PBXFileReference; fileEncoding = 4; lastKnownFileType = sourcecode.c.objc; path = TwitterClient.m; sourceTree = "<group>"; };
		BFBB517C1958E09800A625CE /* LoginViewController.h */ = {isa = PBXFileReference; fileEncoding = 4; lastKnownFileType = sourcecode.c.h; path = LoginViewController.h; sourceTree = "<group>"; };
		BFBB517D1958E09800A625CE /* LoginViewController.m */ = {isa = PBXFileReference; fileEncoding = 4; lastKnownFileType = sourcecode.c.objc; path = LoginViewController.m; sourceTree = "<group>"; };
		BFBB517E1958E09800A625CE /* LoginViewController.xib */ = {isa = PBXFileReference; fileEncoding = 4; lastKnownFileType = file.xib; path = LoginViewController.xib; sourceTree = "<group>"; };
		BFBB5181195910CF00A625CE /* NSURL+dictionaryFromQueryString.h */ = {isa = PBXFileReference; fileEncoding = 4; lastKnownFileType = sourcecode.c.h; path = "NSURL+dictionaryFromQueryString.h"; sourceTree = "<group>"; };
		BFBB5182195910CF00A625CE /* NSURL+dictionaryFromQueryString.m */ = {isa = PBXFileReference; fileEncoding = 4; lastKnownFileType = sourcecode.c.objc; path = "NSURL+dictionaryFromQueryString.m"; sourceTree = "<group>"; };
		BFBB518419594F4D00A625CE /* TwitterManager.h */ = {isa = PBXFileReference; fileEncoding = 4; lastKnownFileType = sourcecode.c.h; path = TwitterManager.h; sourceTree = "<group>"; };
		BFBB518519594F4D00A625CE /* TwitterManager.m */ = {isa = PBXFileReference; fileEncoding = 4; lastKnownFileType = sourcecode.c.objc; path = TwitterManager.m; sourceTree = "<group>"; };
		BFBB51871959F7C000A625CE /* TweetsTableViewController.h */ = {isa = PBXFileReference; fileEncoding = 4; lastKnownFileType = sourcecode.c.h; path = TweetsTableViewController.h; sourceTree = "<group>"; };
		BFBB51881959F7C000A625CE /* TweetsTableViewController.m */ = {isa = PBXFileReference; fileEncoding = 4; lastKnownFileType = sourcecode.c.objc; path = TweetsTableViewController.m; sourceTree = "<group>"; };
		BFBB51891959F7C000A625CE /* TweetsTableViewController.xib */ = {isa = PBXFileReference; fileEncoding = 4; lastKnownFileType = file.xib; path = TweetsTableViewController.xib; sourceTree = "<group>"; };
		BFBB518D1959FC9B00A625CE /* TweetTableViewCell.h */ = {isa = PBXFileReference; fileEncoding = 4; lastKnownFileType = sourcecode.c.h; path = TweetTableViewCell.h; sourceTree = "<group>"; };
		BFBB518E1959FC9B00A625CE /* TweetTableViewCell.m */ = {isa = PBXFileReference; fileEncoding = 4; lastKnownFileType = sourcecode.c.objc; path = TweetTableViewCell.m; sourceTree = "<group>"; };
		BFBB518F1959FC9B00A625CE /* TweetTableViewCell.xib */ = {isa = PBXFileReference; fileEncoding = 4; lastKnownFileType = file.xib; path = TweetTableViewCell.xib; sourceTree = "<group>"; };
		BFBB51931959FD0E00A625CE /* Tweet.h */ = {isa = PBXFileReference; fileEncoding = 4; lastKnownFileType = sourcecode.c.h; path = Tweet.h; sourceTree = "<group>"; };
		BFBB51941959FD0E00A625CE /* Tweet.m */ = {isa = PBXFileReference; fileEncoding = 4; lastKnownFileType = sourcecode.c.objc; path = Tweet.m; sourceTree = "<group>"; };
		BFBB5196195A101300A625CE /* ComposeViewController.h */ = {isa = PBXFileReference; fileEncoding = 4; lastKnownFileType = sourcecode.c.h; path = ComposeViewController.h; sourceTree = "<group>"; };
		BFBB5197195A101300A625CE /* ComposeViewController.m */ = {isa = PBXFileReference; fileEncoding = 4; lastKnownFileType = sourcecode.c.objc; path = ComposeViewController.m; sourceTree = "<group>"; };
		BFBB5198195A101300A625CE /* ComposeViewController.xib */ = {isa = PBXFileReference; fileEncoding = 4; lastKnownFileType = file.xib; path = ComposeViewController.xib; sourceTree = "<group>"; };
		BFBB519C195A344700A625CE /* UIImageView+MHNetworking.h */ = {isa = PBXFileReference; fileEncoding = 4; lastKnownFileType = sourcecode.c.h; path = "UIImageView+MHNetworking.h"; sourceTree = "<group>"; };
		BFBB519D195A344800A625CE /* UIImageView+MHNetworking.m */ = {isa = PBXFileReference; fileEncoding = 4; lastKnownFileType = sourcecode.c.objc; path = "UIImageView+MHNetworking.m"; sourceTree = "<group>"; };
		BFBB519F195A428B00A625CE /* User.h */ = {isa = PBXFileReference; fileEncoding = 4; lastKnownFileType = sourcecode.c.h; path = User.h; sourceTree = "<group>"; };
		BFBB51A0195A428B00A625CE /* User.m */ = {isa = PBXFileReference; fileEncoding = 4; lastKnownFileType = sourcecode.c.objc; path = User.m; sourceTree = "<group>"; };
		BFBB51A2195A5C8500A625CE /* TweetViewController.h */ = {isa = PBXFileReference; fileEncoding = 4; lastKnownFileType = sourcecode.c.h; path = TweetViewController.h; sourceTree = "<group>"; };
		BFBB51A3195A5C8500A625CE /* TweetViewController.m */ = {isa = PBXFileReference; fileEncoding = 4; lastKnownFileType = sourcecode.c.objc; path = TweetViewController.m; sourceTree = "<group>"; };
		BFBB51A4195A5C8500A625CE /* TweetViewController.xib */ = {isa = PBXFileReference; fileEncoding = 4; lastKnownFileType = file.xib; path = TweetViewController.xib; sourceTree = "<group>"; };
		BFC8A65C1952A62100E9EC1F /* twitter.app */ = {isa = PBXFileReference; explicitFileType = wrapper.application; includeInIndex = 0; path = twitter.app; sourceTree = BUILT_PRODUCTS_DIR; };
		BFC8A65F1952A62100E9EC1F /* Foundation.framework */ = {isa = PBXFileReference; lastKnownFileType = wrapper.framework; name = Foundation.framework; path = System/Library/Frameworks/Foundation.framework; sourceTree = SDKROOT; };
		BFC8A6611952A62100E9EC1F /* CoreGraphics.framework */ = {isa = PBXFileReference; lastKnownFileType = wrapper.framework; name = CoreGraphics.framework; path = System/Library/Frameworks/CoreGraphics.framework; sourceTree = SDKROOT; };
		BFC8A6631952A62100E9EC1F /* UIKit.framework */ = {isa = PBXFileReference; lastKnownFileType = wrapper.framework; name = UIKit.framework; path = System/Library/Frameworks/UIKit.framework; sourceTree = SDKROOT; };
		BFC8A6671952A62100E9EC1F /* twitter-Info.plist */ = {isa = PBXFileReference; lastKnownFileType = text.plist.xml; path = "twitter-Info.plist"; sourceTree = "<group>"; };
		BFC8A6691952A62100E9EC1F /* en */ = {isa = PBXFileReference; lastKnownFileType = text.plist.strings; name = en; path = en.lproj/InfoPlist.strings; sourceTree = "<group>"; };
		BFC8A66B1952A62100E9EC1F /* main.m */ = {isa = PBXFileReference; lastKnownFileType = sourcecode.c.objc; path = main.m; sourceTree = "<group>"; };
		BFC8A66D1952A62100E9EC1F /* twitter-Prefix.pch */ = {isa = PBXFileReference; lastKnownFileType = sourcecode.c.h; path = "twitter-Prefix.pch"; sourceTree = "<group>"; };
		BFC8A66E1952A62100E9EC1F /* AppDelegate.h */ = {isa = PBXFileReference; lastKnownFileType = sourcecode.c.h; path = AppDelegate.h; sourceTree = "<group>"; };
		BFC8A66F1952A62100E9EC1F /* AppDelegate.m */ = {isa = PBXFileReference; lastKnownFileType = sourcecode.c.objc; path = AppDelegate.m; sourceTree = "<group>"; };
		BFC8A6711952A62100E9EC1F /* Images.xcassets */ = {isa = PBXFileReference; lastKnownFileType = folder.assetcatalog; path = Images.xcassets; sourceTree = "<group>"; };
		BFC8A6771952A62100E9EC1F /* twitterTests.xctest */ = {isa = PBXFileReference; explicitFileType = wrapper.cfbundle; includeInIndex = 0; path = twitterTests.xctest; sourceTree = BUILT_PRODUCTS_DIR; };
		BFC8A6781952A62100E9EC1F /* XCTest.framework */ = {isa = PBXFileReference; lastKnownFileType = wrapper.framework; name = XCTest.framework; path = Library/Frameworks/XCTest.framework; sourceTree = DEVELOPER_DIR; };
		BFC8A6801952A62100E9EC1F /* twitterTests-Info.plist */ = {isa = PBXFileReference; lastKnownFileType = text.plist.xml; path = "twitterTests-Info.plist"; sourceTree = "<group>"; };
		BFC8A6821952A62100E9EC1F /* en */ = {isa = PBXFileReference; lastKnownFileType = text.plist.strings; name = en; path = en.lproj/InfoPlist.strings; sourceTree = "<group>"; };
		BFC8A6841952A62100E9EC1F /* twitterTests.m */ = {isa = PBXFileReference; lastKnownFileType = sourcecode.c.objc; path = twitterTests.m; sourceTree = "<group>"; };
		BFD8443A195D230900E1A50C /* MainViewController.h */ = {isa = PBXFileReference; fileEncoding = 4; lastKnownFileType = sourcecode.c.h; path = MainViewController.h; sourceTree = "<group>"; };
		BFD8443B195D230900E1A50C /* MainViewController.m */ = {isa = PBXFileReference; fileEncoding = 4; lastKnownFileType = sourcecode.c.objc; path = MainViewController.m; sourceTree = "<group>"; };
		BFD84445195D314E00E1A50C /* ContentViewControllerDelegate.h */ = {isa = PBXFileReference; lastKnownFileType = sourcecode.c.h; path = ContentViewControllerDelegate.h; sourceTree = "<group>"; };
		DDEFC805BF2B4A30A9E2CED6 /* Pods-twitter.xcconfig */ = {isa = PBXFileReference; includeInIndex = 1; lastKnownFileType = text.xcconfig; name = "Pods-twitter.xcconfig"; path = "Pods/Pods-twitter.xcconfig"; sourceTree = "<group>"; };
/* End PBXFileReference section */

/* Begin PBXFrameworksBuildPhase section */
		BFC8A6591952A62100E9EC1F /* Frameworks */ = {
			isa = PBXFrameworksBuildPhase;
			buildActionMask = 2147483647;
			files = (
				BFC8A6621952A62100E9EC1F /* CoreGraphics.framework in Frameworks */,
				BFC8A6641952A62100E9EC1F /* UIKit.framework in Frameworks */,
				BFC8A6601952A62100E9EC1F /* Foundation.framework in Frameworks */,
				3D0C4CA48784457A93761A1D /* libPods-twitter.a in Frameworks */,
			);
			runOnlyForDeploymentPostprocessing = 0;
		};
		BFC8A6741952A62100E9EC1F /* Frameworks */ = {
			isa = PBXFrameworksBuildPhase;
			buildActionMask = 2147483647;
			files = (
				BFC8A6791952A62100E9EC1F /* XCTest.framework in Frameworks */,
				BFC8A67B1952A62100E9EC1F /* UIKit.framework in Frameworks */,
				BFC8A67A1952A62100E9EC1F /* Foundation.framework in Frameworks */,
			);
			runOnlyForDeploymentPostprocessing = 0;
		};
/* End PBXFrameworksBuildPhase section */

/* Begin PBXGroup section */
		BFBB517B1958E07000A625CE /* View Controllers */ = {
			isa = PBXGroup;
			children = (
				BFBB5196195A101300A625CE /* ComposeViewController.h */,
				BFBB5197195A101300A625CE /* ComposeViewController.m */,
				BFBB5198195A101300A625CE /* ComposeViewController.xib */,
				BFD84445195D314E00E1A50C /* ContentViewControllerDelegate.h */,
				BFBB517C1958E09800A625CE /* LoginViewController.h */,
				BFBB517D1958E09800A625CE /* LoginViewController.m */,
				BFBB517E1958E09800A625CE /* LoginViewController.xib */,
				BFD8443A195D230900E1A50C /* MainViewController.h */,
				BFD8443B195D230900E1A50C /* MainViewController.m */,
				BF5B3F8C195F4F8900793820 /* PanelTableViewController.h */,
				BF5B3F8D195F4F8900793820 /* PanelTableViewController.m */,
				BF5B3F8E195F4F8900793820 /* PanelTableViewController.xib */,
				BFBB51871959F7C000A625CE /* TweetsTableViewController.h */,
				BFBB51881959F7C000A625CE /* TweetsTableViewController.m */,
				BFBB51891959F7C000A625CE /* TweetsTableViewController.xib */,
				BFBB51A2195A5C8500A625CE /* TweetViewController.h */,
				BFBB51A3195A5C8500A625CE /* TweetViewController.m */,
				BFBB51A4195A5C8500A625CE /* TweetViewController.xib */,
				BF0AFBE119638B0D00173EAA /* ProfileTableViewController.h */,
				BF0AFBE219638B0D00173EAA /* ProfileTableViewController.m */,
				BF0AFBE319638B0D00173EAA /* ProfileTableViewController.xib */,
			);
			name = "View Controllers";
			sourceTree = "<group>";
		};
		BFBB518C1959FC8700A625CE /* Views */ = {
			isa = PBXGroup;
			children = (
				BFBB518D1959FC9B00A625CE /* TweetTableViewCell.h */,
				BFBB518E1959FC9B00A625CE /* TweetTableViewCell.m */,
				BFBB518F1959FC9B00A625CE /* TweetTableViewCell.xib */,
				BF5B3F96195F737100793820 /* PanelLinkTableViewCell.h */,
				BF5B3F97195F737100793820 /* PanelLinkTableViewCell.m */,
				BF5B3F98195F737100793820 /* PanelLinkTableViewCell.xib */,
				BF0AFBDC196376D600173EAA /* PanelProfileInfoTableViewCell.h */,
				BF0AFBDD196376D600173EAA /* PanelProfileInfoTableViewCell.m */,
				BF0AFBDE196376D600173EAA /* PanelProfileInfoTableViewCell.xib */,
				BF0AFBE619638DA800173EAA /* ProfileHeaderTableViewCell.h */,
				BF0AFBE719638DA800173EAA /* ProfileHeaderTableViewCell.m */,
				BF0AFBE819638DA800173EAA /* ProfileHeaderTableViewCell.xib */,
			);
			name = Views;
			sourceTree = "<group>";
		};
		BFBB51921959FCEA00A625CE /* Models */ = {
			isa = PBXGroup;
			children = (
				BFBB51931959FD0E00A625CE /* Tweet.h */,
				BFBB51941959FD0E00A625CE /* Tweet.m */,
				BFBB519F195A428B00A625CE /* User.h */,
				BFBB51A0195A428B00A625CE /* User.m */,
				BF5B3F9B195F783000793820 /* PanelLink.h */,
				BF5B3F9C195F783000793820 /* PanelLink.m */,
			);
			name = Models;
			sourceTree = "<group>";
		};
		BFBB519B195A342D00A625CE /* Categories */ = {
			isa = PBXGroup;
			children = (
				BFBB519C195A344700A625CE /* UIImageView+MHNetworking.h */,
				BFBB519D195A344800A625CE /* UIImageView+MHNetworking.m */,
				BF5B3F7F195F3A0400793820 /* UIViewController+ContentViewControllerDelegate.h */,
				BF5B3F80195F3A0400793820 /* UIViewController+ContentViewControllerDelegate.m */,
			);
			name = Categories;
			sourceTree = "<group>";
		};
		BFC8A6531952A62100E9EC1F = {
			isa = PBXGroup;
			children = (
				BFC8A6651952A62100E9EC1F /* twitter */,
				BFC8A67E1952A62100E9EC1F /* twitterTests */,
				BFC8A65E1952A62100E9EC1F /* Frameworks */,
				BFC8A65D1952A62100E9EC1F /* Products */,
				DDEFC805BF2B4A30A9E2CED6 /* Pods-twitter.xcconfig */,
			);
			sourceTree = "<group>";
		};
		BFC8A65D1952A62100E9EC1F /* Products */ = {
			isa = PBXGroup;
			children = (
				BFC8A65C1952A62100E9EC1F /* twitter.app */,
				BFC8A6771952A62100E9EC1F /* twitterTests.xctest */,
			);
			name = Products;
			sourceTree = "<group>";
		};
		BFC8A65E1952A62100E9EC1F /* Frameworks */ = {
			isa = PBXGroup;
			children = (
				BFC8A65F1952A62100E9EC1F /* Foundation.framework */,
				BFC8A6611952A62100E9EC1F /* CoreGraphics.framework */,
				BFC8A6631952A62100E9EC1F /* UIKit.framework */,
				BFC8A6781952A62100E9EC1F /* XCTest.framework */,
				8C4001D984E24E1FA9A5E423 /* libPods-twitter.a */,
			);
			name = Frameworks;
			sourceTree = "<group>";
		};
		BFC8A6651952A62100E9EC1F /* twitter */ = {
			isa = PBXGroup;
			children = (
				BFBB519B195A342D00A625CE /* Categories */,
				BFBB51921959FCEA00A625CE /* Models */,
				BFBB518C1959FC8700A625CE /* Views */,
				BFBB517B1958E07000A625CE /* View Controllers */,
				BFC8A66E1952A62100E9EC1F /* AppDelegate.h */,
				BFC8A66F1952A62100E9EC1F /* AppDelegate.m */,
				BFBB5181195910CF00A625CE /* NSURL+dictionaryFromQueryString.h */,
				BFBB5182195910CF00A625CE /* NSURL+dictionaryFromQueryString.m */,
				BFC8A6711952A62100E9EC1F /* Images.xcassets */,
				BFC8A6661952A62100E9EC1F /* Supporting Files */,
				BFBB51781958DE2700A625CE /* TwitterClient.h */,
				BFBB51791958DE2700A625CE /* TwitterClient.m */,
				BFBB518419594F4D00A625CE /* TwitterManager.h */,
				BFBB518519594F4D00A625CE /* TwitterManager.m */,
				BFB71016195BB24B006B23FC /* TweetSortedSet.h */,
				BFB71017195BB24B006B23FC /* TweetSortedSet.m */,
			);
			path = twitter;
			sourceTree = "<group>";
		};
		BFC8A6661952A62100E9EC1F /* Supporting Files */ = {
			isa = PBXGroup;
			children = (
				BFC8A6671952A62100E9EC1F /* twitter-Info.plist */,
				BFC8A6681952A62100E9EC1F /* InfoPlist.strings */,
				BFC8A66B1952A62100E9EC1F /* main.m */,
				BFC8A66D1952A62100E9EC1F /* twitter-Prefix.pch */,
			);
			name = "Supporting Files";
			sourceTree = "<group>";
		};
		BFC8A67E1952A62100E9EC1F /* twitterTests */ = {
			isa = PBXGroup;
			children = (
				BFC8A6841952A62100E9EC1F /* twitterTests.m */,
				BFC8A67F1952A62100E9EC1F /* Supporting Files */,
			);
			path = twitterTests;
			sourceTree = "<group>";
		};
		BFC8A67F1952A62100E9EC1F /* Supporting Files */ = {
			isa = PBXGroup;
			children = (
				BFC8A6801952A62100E9EC1F /* twitterTests-Info.plist */,
				BFC8A6811952A62100E9EC1F /* InfoPlist.strings */,
			);
			name = "Supporting Files";
			sourceTree = "<group>";
		};
/* End PBXGroup section */

/* Begin PBXNativeTarget section */
		BFC8A65B1952A62100E9EC1F /* twitter */ = {
			isa = PBXNativeTarget;
			buildConfigurationList = BFC8A6881952A62100E9EC1F /* Build configuration list for PBXNativeTarget "twitter" */;
			buildPhases = (
				ED82930B30E64992A8C9D3BE /* Check Pods Manifest.lock */,
				BFC8A6581952A62100E9EC1F /* Sources */,
				BFC8A6591952A62100E9EC1F /* Frameworks */,
				BFC8A65A1952A62100E9EC1F /* Resources */,
				58D1346A0B65443BA7C6C8EF /* Copy Pods Resources */,
			);
			buildRules = (
			);
			dependencies = (
			);
			name = twitter;
			productName = twitter;
			productReference = BFC8A65C1952A62100E9EC1F /* twitter.app */;
			productType = "com.apple.product-type.application";
		};
		BFC8A6761952A62100E9EC1F /* twitterTests */ = {
			isa = PBXNativeTarget;
			buildConfigurationList = BFC8A68B1952A62100E9EC1F /* Build configuration list for PBXNativeTarget "twitterTests" */;
			buildPhases = (
				BFC8A6731952A62100E9EC1F /* Sources */,
				BFC8A6741952A62100E9EC1F /* Frameworks */,
				BFC8A6751952A62100E9EC1F /* Resources */,
			);
			buildRules = (
			);
			dependencies = (
				BFC8A67D1952A62100E9EC1F /* PBXTargetDependency */,
			);
			name = twitterTests;
			productName = twitterTests;
			productReference = BFC8A6771952A62100E9EC1F /* twitterTests.xctest */;
			productType = "com.apple.product-type.bundle.unit-test";
		};
/* End PBXNativeTarget section */

/* Begin PBXProject section */
		BFC8A6541952A62100E9EC1F /* Project object */ = {
			isa = PBXProject;
			attributes = {
				LastUpgradeCheck = 0510;
				ORGANIZATIONNAME = "Michael Hahn";
				TargetAttributes = {
					BFC8A6761952A62100E9EC1F = {
						TestTargetID = BFC8A65B1952A62100E9EC1F;
					};
				};
			};
			buildConfigurationList = BFC8A6571952A62100E9EC1F /* Build configuration list for PBXProject "twitter" */;
			compatibilityVersion = "Xcode 3.2";
			developmentRegion = English;
			hasScannedForEncodings = 0;
			knownRegions = (
				en,
			);
			mainGroup = BFC8A6531952A62100E9EC1F;
			productRefGroup = BFC8A65D1952A62100E9EC1F /* Products */;
			projectDirPath = "";
			projectRoot = "";
			targets = (
				BFC8A65B1952A62100E9EC1F /* twitter */,
				BFC8A6761952A62100E9EC1F /* twitterTests */,
			);
		};
/* End PBXProject section */

/* Begin PBXResourcesBuildPhase section */
		BFC8A65A1952A62100E9EC1F /* Resources */ = {
			isa = PBXResourcesBuildPhase;
			buildActionMask = 2147483647;
			files = (
				BFBB51911959FC9B00A625CE /* TweetTableViewCell.xib in Resources */,
				BFBB51A6195A5C8500A625CE /* TweetViewController.xib in Resources */,
				BF0AFBE0196376D600173EAA /* PanelProfileInfoTableViewCell.xib in Resources */,
				BF5B3F9A195F737100793820 /* PanelLinkTableViewCell.xib in Resources */,
				BF0AFBEA19638DA800173EAA /* ProfileHeaderTableViewCell.xib in Resources */,
				BF0AFBE519638B0D00173EAA /* ProfileTableViewController.xib in Resources */,
				BFBB519A195A101300A625CE /* ComposeViewController.xib in Resources */,
				BFC8A66A1952A62100E9EC1F /* InfoPlist.strings in Resources */,
				BF5B3F90195F4F8900793820 /* PanelTableViewController.xib in Resources */,
				BFC8A6721952A62100E9EC1F /* Images.xcassets in Resources */,
				BFBB518B1959F7C000A625CE /* TweetsTableViewController.xib in Resources */,
				BFBB51801958E09800A625CE /* LoginViewController.xib in Resources */,
			);
			runOnlyForDeploymentPostprocessing = 0;
		};
		BFC8A6751952A62100E9EC1F /* Resources */ = {
			isa = PBXResourcesBuildPhase;
			buildActionMask = 2147483647;
			files = (
				BFC8A6831952A62100E9EC1F /* InfoPlist.strings in Resources */,
			);
			runOnlyForDeploymentPostprocessing = 0;
		};
/* End PBXResourcesBuildPhase section */

/* Begin PBXShellScriptBuildPhase section */
		58D1346A0B65443BA7C6C8EF /* Copy Pods Resources */ = {
			isa = PBXShellScriptBuildPhase;
			buildActionMask = 2147483647;
			files = (
			);
			inputPaths = (
			);
			name = "Copy Pods Resources";
			outputPaths = (
			);
			runOnlyForDeploymentPostprocessing = 0;
			shellPath = /bin/sh;
			shellScript = "\"${SRCROOT}/Pods/Pods-twitter-resources.sh\"\n";
			showEnvVarsInLog = 0;
		};
		ED82930B30E64992A8C9D3BE /* Check Pods Manifest.lock */ = {
			isa = PBXShellScriptBuildPhase;
			buildActionMask = 2147483647;
			files = (
			);
			inputPaths = (
			);
			name = "Check Pods Manifest.lock";
			outputPaths = (
			);
			runOnlyForDeploymentPostprocessing = 0;
			shellPath = /bin/sh;
			shellScript = "diff \"${PODS_ROOT}/../Podfile.lock\" \"${PODS_ROOT}/Manifest.lock\" > /dev/null\nif [[ $? != 0 ]] ; then\n    cat << EOM\nerror: The sandbox is not in sync with the Podfile.lock. Run 'pod install' or update your CocoaPods installation.\nEOM\n    exit 1\nfi\n";
			showEnvVarsInLog = 0;
		};
/* End PBXShellScriptBuildPhase section */

/* Begin PBXSourcesBuildPhase section */
		BFC8A6581952A62100E9EC1F /* Sources */ = {
			isa = PBXSourcesBuildPhase;
			buildActionMask = 2147483647;
			files = (
				BFBB51A5195A5C8500A625CE /* TweetViewController.m in Sources */,
				BFBB51951959FD0E00A625CE /* Tweet.m in Sources */,
				BFBB517F1958E09800A625CE /* LoginViewController.m in Sources */,
				BF0AFBE419638B0D00173EAA /* ProfileTableViewController.m in Sources */,
				BF5B3F81195F3A0400793820 /* UIViewController+ContentViewControllerDelegate.m in Sources */,
				BF5B3F9D195F783000793820 /* PanelLink.m in Sources */,
				BFBB518A1959F7C000A625CE /* TweetsTableViewController.m in Sources */,
				BFBB5199195A101300A625CE /* ComposeViewController.m in Sources */,
				BFC8A6701952A62100E9EC1F /* AppDelegate.m in Sources */,
				BFBB51901959FC9B00A625CE /* TweetTableViewCell.m in Sources */,
				BFBB5183195910CF00A625CE /* NSURL+dictionaryFromQueryString.m in Sources */,
				BFB71018195BB24B006B23FC /* TweetSortedSet.m in Sources */,
				BF0AFBE919638DA800173EAA /* ProfileHeaderTableViewCell.m in Sources */,
				BFBB518619594F4D00A625CE /* TwitterManager.m in Sources */,
				BF5B3F99195F737100793820 /* PanelLinkTableViewCell.m in Sources */,
				BFBB51A1195A428B00A625CE /* User.m in Sources */,
				BFBB519E195A344800A625CE /* UIImageView+MHNetworking.m in Sources */,
				BF0AFBDF196376D600173EAA /* PanelProfileInfoTableViewCell.m in Sources */,
				BFBB517A1958DE2700A625CE /* TwitterClient.m in Sources */,
				BFD8443C195D230900E1A50C /* MainViewController.m in Sources */,
				BFC8A66C1952A62100E9EC1F /* main.m in Sources */,
				BF5B3F8F195F4F8900793820 /* PanelTableViewController.m in Sources */,
			);
			runOnlyForDeploymentPostprocessing = 0;
		};
		BFC8A6731952A62100E9EC1F /* Sources */ = {
			isa = PBXSourcesBuildPhase;
			buildActionMask = 2147483647;
			files = (
				BFC8A6851952A62100E9EC1F /* twitterTests.m in Sources */,
			);
			runOnlyForDeploymentPostprocessing = 0;
		};
/* End PBXSourcesBuildPhase section */

/* Begin PBXTargetDependency section */
		BFC8A67D1952A62100E9EC1F /* PBXTargetDependency */ = {
			isa = PBXTargetDependency;
			target = BFC8A65B1952A62100E9EC1F /* twitter */;
			targetProxy = BFC8A67C1952A62100E9EC1F /* PBXContainerItemProxy */;
		};
/* End PBXTargetDependency section */

/* Begin PBXVariantGroup section */
		BFC8A6681952A62100E9EC1F /* InfoPlist.strings */ = {
			isa = PBXVariantGroup;
			children = (
				BFC8A6691952A62100E9EC1F /* en */,
			);
			name = InfoPlist.strings;
			sourceTree = "<group>";
		};
		BFC8A6811952A62100E9EC1F /* InfoPlist.strings */ = {
			isa = PBXVariantGroup;
			children = (
				BFC8A6821952A62100E9EC1F /* en */,
			);
			name = InfoPlist.strings;
			sourceTree = "<group>";
		};
/* End PBXVariantGroup section */

/* Begin XCBuildConfiguration section */
		BFC8A6861952A62100E9EC1F /* Debug */ = {
			isa = XCBuildConfiguration;
			buildSettings = {
				ALWAYS_SEARCH_USER_PATHS = NO;
				CLANG_CXX_LANGUAGE_STANDARD = "gnu++0x";
				CLANG_CXX_LIBRARY = "libc++";
				CLANG_ENABLE_MODULES = YES;
				CLANG_ENABLE_OBJC_ARC = YES;
				CLANG_WARN_BOOL_CONVERSION = YES;
				CLANG_WARN_CONSTANT_CONVERSION = YES;
				CLANG_WARN_DIRECT_OBJC_ISA_USAGE = YES_ERROR;
				CLANG_WARN_EMPTY_BODY = YES;
				CLANG_WARN_ENUM_CONVERSION = YES;
				CLANG_WARN_INT_CONVERSION = YES;
				CLANG_WARN_OBJC_ROOT_CLASS = YES_ERROR;
				CLANG_WARN__DUPLICATE_METHOD_MATCH = YES;
				"CODE_SIGN_IDENTITY[sdk=iphoneos*]" = "iPhone Developer";
				COPY_PHASE_STRIP = NO;
				GCC_C_LANGUAGE_STANDARD = gnu99;
				GCC_DYNAMIC_NO_PIC = NO;
				GCC_OPTIMIZATION_LEVEL = 0;
				GCC_PREPROCESSOR_DEFINITIONS = (
					"DEBUG=1",
					"$(inherited)",
				);
				GCC_SYMBOLS_PRIVATE_EXTERN = NO;
				GCC_WARN_64_TO_32_BIT_CONVERSION = YES;
				GCC_WARN_ABOUT_RETURN_TYPE = YES_ERROR;
				GCC_WARN_UNDECLARED_SELECTOR = YES;
				GCC_WARN_UNINITIALIZED_AUTOS = YES_AGGRESSIVE;
				GCC_WARN_UNUSED_FUNCTION = YES;
				GCC_WARN_UNUSED_VARIABLE = YES;
				IPHONEOS_DEPLOYMENT_TARGET = 7.1;
				ONLY_ACTIVE_ARCH = YES;
				SDKROOT = iphoneos;
			};
			name = Debug;
		};
		BFC8A6871952A62100E9EC1F /* Release */ = {
			isa = XCBuildConfiguration;
			buildSettings = {
				ALWAYS_SEARCH_USER_PATHS = NO;
				CLANG_CXX_LANGUAGE_STANDARD = "gnu++0x";
				CLANG_CXX_LIBRARY = "libc++";
				CLANG_ENABLE_MODULES = YES;
				CLANG_ENABLE_OBJC_ARC = YES;
				CLANG_WARN_BOOL_CONVERSION = YES;
				CLANG_WARN_CONSTANT_CONVERSION = YES;
				CLANG_WARN_DIRECT_OBJC_ISA_USAGE = YES_ERROR;
				CLANG_WARN_EMPTY_BODY = YES;
				CLANG_WARN_ENUM_CONVERSION = YES;
				CLANG_WARN_INT_CONVERSION = YES;
				CLANG_WARN_OBJC_ROOT_CLASS = YES_ERROR;
				CLANG_WARN__DUPLICATE_METHOD_MATCH = YES;
				"CODE_SIGN_IDENTITY[sdk=iphoneos*]" = "iPhone Developer";
				COPY_PHASE_STRIP = YES;
				ENABLE_NS_ASSERTIONS = NO;
				GCC_C_LANGUAGE_STANDARD = gnu99;
				GCC_WARN_64_TO_32_BIT_CONVERSION = YES;
				GCC_WARN_ABOUT_RETURN_TYPE = YES_ERROR;
				GCC_WARN_UNDECLARED_SELECTOR = YES;
				GCC_WARN_UNINITIALIZED_AUTOS = YES_AGGRESSIVE;
				GCC_WARN_UNUSED_FUNCTION = YES;
				GCC_WARN_UNUSED_VARIABLE = YES;
				IPHONEOS_DEPLOYMENT_TARGET = 7.1;
				SDKROOT = iphoneos;
				VALIDATE_PRODUCT = YES;
			};
			name = Release;
		};
		BFC8A6891952A62100E9EC1F /* Debug */ = {
			isa = XCBuildConfiguration;
			baseConfigurationReference = DDEFC805BF2B4A30A9E2CED6 /* Pods-twitter.xcconfig */;
			buildSettings = {
				ASSETCATALOG_COMPILER_APPICON_NAME = AppIcon;
				ASSETCATALOG_COMPILER_LAUNCHIMAGE_NAME = LaunchImage;
				GCC_PRECOMPILE_PREFIX_HEADER = YES;
				GCC_PREFIX_HEADER = "twitter/twitter-Prefix.pch";
				INFOPLIST_FILE = "twitter/twitter-Info.plist";
				PRODUCT_NAME = "$(TARGET_NAME)";
				WRAPPER_EXTENSION = app;
			};
			name = Debug;
		};
		BFC8A68A1952A62100E9EC1F /* Release */ = {
			isa = XCBuildConfiguration;
			baseConfigurationReference = DDEFC805BF2B4A30A9E2CED6 /* Pods-twitter.xcconfig */;
			buildSettings = {
				ASSETCATALOG_COMPILER_APPICON_NAME = AppIcon;
				ASSETCATALOG_COMPILER_LAUNCHIMAGE_NAME = LaunchImage;
				GCC_PRECOMPILE_PREFIX_HEADER = YES;
				GCC_PREFIX_HEADER = "twitter/twitter-Prefix.pch";
				INFOPLIST_FILE = "twitter/twitter-Info.plist";
				PRODUCT_NAME = "$(TARGET_NAME)";
				WRAPPER_EXTENSION = app;
			};
			name = Release;
		};
		BFC8A68C1952A62100E9EC1F /* Debug */ = {
			isa = XCBuildConfiguration;
			buildSettings = {
				BUNDLE_LOADER = "$(BUILT_PRODUCTS_DIR)/twitter.app/twitter";
				FRAMEWORK_SEARCH_PATHS = (
					"$(SDKROOT)/Developer/Library/Frameworks",
					"$(inherited)",
					"$(DEVELOPER_FRAMEWORKS_DIR)",
				);
				GCC_PRECOMPILE_PREFIX_HEADER = YES;
				GCC_PREFIX_HEADER = "twitter/twitter-Prefix.pch";
				GCC_PREPROCESSOR_DEFINITIONS = (
					"DEBUG=1",
					"$(inherited)",
				);
				INFOPLIST_FILE = "twitterTests/twitterTests-Info.plist";
				PRODUCT_NAME = "$(TARGET_NAME)";
				TEST_HOST = "$(BUNDLE_LOADER)";
				WRAPPER_EXTENSION = xctest;
			};
			name = Debug;
		};
		BFC8A68D1952A62100E9EC1F /* Release */ = {
			isa = XCBuildConfiguration;
			buildSettings = {
				BUNDLE_LOADER = "$(BUILT_PRODUCTS_DIR)/twitter.app/twitter";
				FRAMEWORK_SEARCH_PATHS = (
					"$(SDKROOT)/Developer/Library/Frameworks",
					"$(inherited)",
					"$(DEVELOPER_FRAMEWORKS_DIR)",
				);
				GCC_PRECOMPILE_PREFIX_HEADER = YES;
				GCC_PREFIX_HEADER = "twitter/twitter-Prefix.pch";
				INFOPLIST_FILE = "twitterTests/twitterTests-Info.plist";
				PRODUCT_NAME = "$(TARGET_NAME)";
				TEST_HOST = "$(BUNDLE_LOADER)";
				WRAPPER_EXTENSION = xctest;
			};
			name = Release;
		};
/* End XCBuildConfiguration section */

/* Begin XCConfigurationList section */
		BFC8A6571952A62100E9EC1F /* Build configuration list for PBXProject "twitter" */ = {
			isa = XCConfigurationList;
			buildConfigurations = (
				BFC8A6861952A62100E9EC1F /* Debug */,
				BFC8A6871952A62100E9EC1F /* Release */,
			);
			defaultConfigurationIsVisible = 0;
			defaultConfigurationName = Release;
		};
		BFC8A6881952A62100E9EC1F /* Build configuration list for PBXNativeTarget "twitter" */ = {
			isa = XCConfigurationList;
			buildConfigurations = (
				BFC8A6891952A62100E9EC1F /* Debug */,
				BFC8A68A1952A62100E9EC1F /* Release */,
			);
			defaultConfigurationIsVisible = 0;
			defaultConfigurationName = Release;
		};
		BFC8A68B1952A62100E9EC1F /* Build configuration list for PBXNativeTarget "twitterTests" */ = {
			isa = XCConfigurationList;
			buildConfigurations = (
				BFC8A68C1952A62100E9EC1F /* Debug */,
				BFC8A68D1952A62100E9EC1F /* Release */,
			);
			defaultConfigurationIsVisible = 0;
			defaultConfigurationName = Release;
		};
/* End XCConfigurationList section */
	};
	rootObject = BFC8A6541952A62100E9EC1F /* Project object */;
}
